
Microsoft Visual Studio Solution File, Format Version 12.00
# Visual Studio Version 17
VisualStudioVersion = 17.14.36518.9
MinimumVisualStudioVersion = 10.0.40219.1
Project("{FAE04EC0-301F-11D3-BF4B-00C04F79EFBC}") = "Humam_Shop", "MVC Project\Humam_Shop.csproj", "{FB119ECA-3F8F-4309-AF74-81A5A1CB866B}"
EndProject
Global
	GlobalSection(SolutionConfigurationPlatforms) = preSolution
		Debug|Any CPU = Debug|Any CPU
		Release|Any CPU = Release|Any CPU
	EndGlobalSection
	GlobalSection(ProjectConfigurationPlatforms) = postSolution
		{FB119ECA-3F8F-4309-AF74-81A5A1CB866B}.Debug|Any CPU.ActiveCfg = Debug|Any CPU
		{FB119ECA-3F8F-4309-AF74-81A5A1CB866B}.Debug|Any CPU.Build.0 = Debug|Any CPU
		{FB119ECA-3F8F-4309-AF74-81A5A1CB866B}.Release|Any CPU.ActiveCfg = Release|Any CPU
		{FB119ECA-3F8F-4309-AF74-81A5A1CB866B}.Release|Any CPU.Build.0 = Release|Any CPU
	EndGlobalSection
	GlobalSection(SolutionProperties) = preSolution
		HideSolutionNode = FALSE
	EndGlobalSection
	GlobalSection(ExtensibilityGlobals) = postSolution
		SolutionGuid = {83AF6891-8B93-4E02-A9F2-68A57A188123}
	EndGlobalSection
EndGlobal
